// !$*UTF8*$!
{
	archiveVersion = 1;
	classes = {
	};
	objectVersion = 46;
	objects = {

/* Begin PBXBuildFile section */
		04BD34AC1DBEEBA700704B4E /* MessageTalkViewController.swift in Sources */ = {isa = PBXBuildFile; fileRef = 04BD34AB1DBEEBA700704B4E /* MessageTalkViewController.swift */; };
		04F54B311DBF483E003C6B2D /* Resources.bundle in Resources */ = {isa = PBXBuildFile; fileRef = 04F54B301DBF483E003C6B2D /* Resources.bundle */; };
		C924CDBB1DBDF11F00FA9426 /* AppDelegate.swift in Sources */ = {isa = PBXBuildFile; fileRef = C924CDBA1DBDF11F00FA9426 /* AppDelegate.swift */; };
		C924CDBD1DBDF11F00FA9426 /* ViewController.swift in Sources */ = {isa = PBXBuildFile; fileRef = C924CDBC1DBDF11F00FA9426 /* ViewController.swift */; };
		C924CDC01DBDF11F00FA9426 /* Main.storyboard in Resources */ = {isa = PBXBuildFile; fileRef = C924CDBE1DBDF11F00FA9426 /* Main.storyboard */; };
		C924CDC21DBDF11F00FA9426 /* Assets.xcassets in Resources */ = {isa = PBXBuildFile; fileRef = C924CDC11DBDF11F00FA9426 /* Assets.xcassets */; };
		C924CDC51DBDF11F00FA9426 /* LaunchScreen.storyboard in Resources */ = {isa = PBXBuildFile; fileRef = C924CDC31DBDF11F00FA9426 /* LaunchScreen.storyboard */; };
		C924CDCF1DBE02C400FA9426 /* wallpaper_iPhone_001.jpg in Resources */ = {isa = PBXBuildFile; fileRef = C924CDCE1DBE02C400FA9426 /* wallpaper_iPhone_001.jpg */; };
		C924CDD11DBE065D00FA9426 /* april-2560x1440-iphone.jpg in Resources */ = {isa = PBXBuildFile; fileRef = C924CDD01DBE065D00FA9426 /* april-2560x1440-iphone.jpg */; };
		C9DA04BB1DBEE22B0018FD9A /* dog.jpg in Resources */ = {isa = PBXBuildFile; fileRef = C9DA04B61DBEE22B0018FD9A /* dog.jpg */; };
		C9DA04BC1DBEE22B0018FD9A /* cat.jpg in Resources */ = {isa = PBXBuildFile; fileRef = C9DA04B71DBEE22B0018FD9A /* cat.jpg */; };
		C9DA04BD1DBEE22B0018FD9A /* piyo.jpg in Resources */ = {isa = PBXBuildFile; fileRef = C9DA04B81DBEE22B0018FD9A /* piyo.jpg */; };
		C9DA04BE1DBEE22B0018FD9A /* seal.jpg in Resources */ = {isa = PBXBuildFile; fileRef = C9DA04B91DBEE22B0018FD9A /* seal.jpg */; };
		C9DA04BF1DBEE22B0018FD9A /* squirrel.jpg in Resources */ = {isa = PBXBuildFile; fileRef = C9DA04BA1DBEE22B0018FD9A /* squirrel.jpg */; };
		C9DA04C11DBEE78D0018FD9A /* MessageTopViewController.swift in Sources */ = {isa = PBXBuildFile; fileRef = C9DA04C01DBEE78D0018FD9A /* MessageTopViewController.swift */; };
		C9DA04C51DBF13F40018FD9A /* CustomTableViewCell.swift in Sources */ = {isa = PBXBuildFile; fileRef = C9DA04C41DBF13F40018FD9A /* CustomTableViewCell.swift */; };
		CCDC9EEE0B7A107A33231247 /* Pods_TalkSample.framework in Frameworks */ = {isa = PBXBuildFile; fileRef = 2CFF057C2FF344CFECCFBC17 /* Pods_TalkSample.framework */; };
/* End PBXBuildFile section */

/* Begin PBXContainerItemProxy section */
		04F54B211DBF2D0D003C6B2D /* PBXContainerItemProxy */ = {
			isa = PBXContainerItemProxy;
			containerPortal = 04F54B1B1DBF2D0D003C6B2D /* Pods.xcodeproj */;
			proxyType = 2;
			remoteGlobalIDString = 0461A60BB0E125A7F0794DD03563887A;
			remoteInfo = JSQMessagesViewController;
		};
		04F54B231DBF2D0D003C6B2D /* PBXContainerItemProxy */ = {
			isa = PBXContainerItemProxy;
			containerPortal = 04F54B1B1DBF2D0D003C6B2D /* Pods.xcodeproj */;
			proxyType = 2;
			remoteGlobalIDString = 381B42AC94DAA76F0D160FBDDB7F77AE;
			remoteInfo = "Pods-TalkSample";
		};
		04F54B251DBF2D0D003C6B2D /* PBXContainerItemProxy */ = {
			isa = PBXContainerItemProxy;
			containerPortal = 04F54B1B1DBF2D0D003C6B2D /* Pods.xcodeproj */;
			proxyType = 2;
			remoteGlobalIDString = 5547862BB33976834203B820F3024721;
			remoteInfo = SwiftyJSON;
		};
		04F54B2E1DBF371A003C6B2D /* PBXContainerItemProxy */ = {
			isa = PBXContainerItemProxy;
			containerPortal = 04F54B1B1DBF2D0D003C6B2D /* Pods.xcodeproj */;
			proxyType = 2;
			remoteGlobalIDString = 3D5EF03A28463539EFAC9750DD5DBDFD;
			remoteInfo = JSQSystemSoundPlayer;
		};
/* End PBXContainerItemProxy section */

/* Begin PBXFileReference section */
		04BD34AB1DBEEBA700704B4E /* MessageTalkViewController.swift */ = {isa = PBXFileReference; fileEncoding = 4; lastKnownFileType = sourcecode.swift; path = MessageTalkViewController.swift; sourceTree = "<group>"; };
		04F54B1B1DBF2D0D003C6B2D /* Pods.xcodeproj */ = {isa = PBXFileReference; lastKnownFileType = "wrapper.pb-project"; name = Pods.xcodeproj; path = Pods/Pods.xcodeproj; sourceTree = "<group>"; };
		04F54B301DBF483E003C6B2D /* Resources.bundle */ = {isa = PBXFileReference; lastKnownFileType = "wrapper.plug-in"; name = Resources.bundle; path = TalkSample/Resources.bundle; sourceTree = "<group>"; };
		2CFF057C2FF344CFECCFBC17 /* Pods_TalkSample.framework */ = {isa = PBXFileReference; explicitFileType = wrapper.framework; includeInIndex = 0; path = Pods_TalkSample.framework; sourceTree = BUILT_PRODUCTS_DIR; };
		5E135D2BA75DD9A3B029B21F /* Pods-TalkSample.debug.xcconfig */ = {isa = PBXFileReference; includeInIndex = 1; lastKnownFileType = text.xcconfig; name = "Pods-TalkSample.debug.xcconfig"; path = "Pods/Target Support Files/Pods-TalkSample/Pods-TalkSample.debug.xcconfig"; sourceTree = "<group>"; };
		6EA34CDBE4C854C38F0BB09C /* Pods-TalkSample.release.xcconfig */ = {isa = PBXFileReference; includeInIndex = 1; lastKnownFileType = text.xcconfig; name = "Pods-TalkSample.release.xcconfig"; path = "Pods/Target Support Files/Pods-TalkSample/Pods-TalkSample.release.xcconfig"; sourceTree = "<group>"; };
		C924CDB71DBDF11F00FA9426 /* TalkSample.app */ = {isa = PBXFileReference; explicitFileType = wrapper.application; includeInIndex = 0; path = TalkSample.app; sourceTree = BUILT_PRODUCTS_DIR; };
		C924CDBA1DBDF11F00FA9426 /* AppDelegate.swift */ = {isa = PBXFileReference; lastKnownFileType = sourcecode.swift; path = AppDelegate.swift; sourceTree = "<group>"; };
		C924CDBC1DBDF11F00FA9426 /* ViewController.swift */ = {isa = PBXFileReference; lastKnownFileType = sourcecode.swift; path = ViewController.swift; sourceTree = "<group>"; };
		C924CDBF1DBDF11F00FA9426 /* Base */ = {isa = PBXFileReference; lastKnownFileType = file.storyboard; name = Base; path = Base.lproj/Main.storyboard; sourceTree = "<group>"; };
		C924CDC11DBDF11F00FA9426 /* Assets.xcassets */ = {isa = PBXFileReference; lastKnownFileType = folder.assetcatalog; path = Assets.xcassets; sourceTree = "<group>"; };
		C924CDC41DBDF11F00FA9426 /* Base */ = {isa = PBXFileReference; lastKnownFileType = file.storyboard; name = Base; path = Base.lproj/LaunchScreen.storyboard; sourceTree = "<group>"; };
		C924CDC61DBDF11F00FA9426 /* Info.plist */ = {isa = PBXFileReference; lastKnownFileType = text.plist.xml; path = Info.plist; sourceTree = "<group>"; };
		C924CDCE1DBE02C400FA9426 /* wallpaper_iPhone_001.jpg */ = {isa = PBXFileReference; lastKnownFileType = image.jpeg; path = wallpaper_iPhone_001.jpg; sourceTree = "<group>"; };
		C924CDD01DBE065D00FA9426 /* april-2560x1440-iphone.jpg */ = {isa = PBXFileReference; lastKnownFileType = image.jpeg; path = "april-2560x1440-iphone.jpg"; sourceTree = "<group>"; };
		C9DA04B61DBEE22B0018FD9A /* dog.jpg */ = {isa = PBXFileReference; lastKnownFileType = image.jpeg; path = dog.jpg; sourceTree = "<group>"; };
		C9DA04B71DBEE22B0018FD9A /* cat.jpg */ = {isa = PBXFileReference; lastKnownFileType = image.jpeg; path = cat.jpg; sourceTree = "<group>"; };
		C9DA04B81DBEE22B0018FD9A /* piyo.jpg */ = {isa = PBXFileReference; lastKnownFileType = image.jpeg; path = piyo.jpg; sourceTree = "<group>"; };
		C9DA04B91DBEE22B0018FD9A /* seal.jpg */ = {isa = PBXFileReference; lastKnownFileType = image.jpeg; path = seal.jpg; sourceTree = "<group>"; };
		C9DA04BA1DBEE22B0018FD9A /* squirrel.jpg */ = {isa = PBXFileReference; lastKnownFileType = image.jpeg; path = squirrel.jpg; sourceTree = "<group>"; };
		C9DA04C01DBEE78D0018FD9A /* MessageTopViewController.swift */ = {isa = PBXFileReference; fileEncoding = 4; lastKnownFileType = sourcecode.swift; path = MessageTopViewController.swift; sourceTree = "<group>"; };
		C9DA04C41DBF13F40018FD9A /* CustomTableViewCell.swift */ = {isa = PBXFileReference; fileEncoding = 4; lastKnownFileType = sourcecode.swift; path = CustomTableViewCell.swift; sourceTree = "<group>"; };
/* End PBXFileReference section */

/* Begin PBXFrameworksBuildPhase section */
		C924CDB41DBDF11F00FA9426 /* Frameworks */ = {
			isa = PBXFrameworksBuildPhase;
			buildActionMask = 2147483647;
			files = (
				CCDC9EEE0B7A107A33231247 /* Pods_TalkSample.framework in Frameworks */,
			);
			runOnlyForDeploymentPostprocessing = 0;
		};
/* End PBXFrameworksBuildPhase section */

/* Begin PBXGroup section */
		0178FCB0DB6617491E4CB376 /* Frameworks */ = {
			isa = PBXGroup;
			children = (
				2CFF057C2FF344CFECCFBC17 /* Pods_TalkSample.framework */,
			);
			name = Frameworks;
			sourceTree = "<group>";
		};
		04F54B1C1DBF2D0D003C6B2D /* Products */ = {
			isa = PBXGroup;
			children = (
				04F54B221DBF2D0D003C6B2D /* JSQMessagesViewController.framework */,
				04F54B2F1DBF371A003C6B2D /* JSQSystemSoundPlayer.framework */,
				04F54B241DBF2D0D003C6B2D /* Pods_TalkSample.framework */,
				04F54B261DBF2D0D003C6B2D /* SwiftyJSON.framework */,
			);
			name = Products;
			sourceTree = "<group>";
		};
		C924CDAE1DBDF11F00FA9426 = {
			isa = PBXGroup;
			children = (
				04F54B301DBF483E003C6B2D /* Resources.bundle */,
				C924CDB91DBDF11F00FA9426 /* TalkSample */,
				C924CDB81DBDF11F00FA9426 /* Products */,
				E15CA4D57FE517B5F0EEF98F /* Pods */,
				0178FCB0DB6617491E4CB376 /* Frameworks */,
			);
			sourceTree = "<group>";
		};
		C924CDB81DBDF11F00FA9426 /* Products */ = {
			isa = PBXGroup;
			children = (
				C924CDB71DBDF11F00FA9426 /* TalkSample.app */,
			);
			name = Products;
			sourceTree = "<group>";
		};
		C924CDB91DBDF11F00FA9426 /* TalkSample */ = {
			isa = PBXGroup;
			children = (
				C924CDBA1DBDF11F00FA9426 /* AppDelegate.swift */,
				C924CDBC1DBDF11F00FA9426 /* ViewController.swift */,
				04BD34AB1DBEEBA700704B4E /* MessageTalkViewController.swift */,
				C9DA04C01DBEE78D0018FD9A /* MessageTopViewController.swift */,
				C9DA04C41DBF13F40018FD9A /* CustomTableViewCell.swift */,
				C924CDBE1DBDF11F00FA9426 /* Main.storyboard */,
				C924CDC11DBDF11F00FA9426 /* Assets.xcassets */,
				C924CDC31DBDF11F00FA9426 /* LaunchScreen.storyboard */,
				C924CDD01DBE065D00FA9426 /* april-2560x1440-iphone.jpg */,
				C924CDCE1DBE02C400FA9426 /* wallpaper_iPhone_001.jpg */,
				C924CDC61DBDF11F00FA9426 /* Info.plist */,
				C9DA04B61DBEE22B0018FD9A /* dog.jpg */,
				C9DA04B71DBEE22B0018FD9A /* cat.jpg */,
				C9DA04B81DBEE22B0018FD9A /* piyo.jpg */,
				C9DA04B91DBEE22B0018FD9A /* seal.jpg */,
				C9DA04BA1DBEE22B0018FD9A /* squirrel.jpg */,
			);
			path = TalkSample;
			sourceTree = "<group>";
		};
		E15CA4D57FE517B5F0EEF98F /* Pods */ = {
			isa = PBXGroup;
			children = (
				04F54B1B1DBF2D0D003C6B2D /* Pods.xcodeproj */,
				5E135D2BA75DD9A3B029B21F /* Pods-TalkSample.debug.xcconfig */,
				6EA34CDBE4C854C38F0BB09C /* Pods-TalkSample.release.xcconfig */,
			);
			name = Pods;
			sourceTree = "<group>";
		};
/* End PBXGroup section */

/* Begin PBXNativeTarget section */
		C924CDB61DBDF11F00FA9426 /* TalkSample */ = {
			isa = PBXNativeTarget;
			buildConfigurationList = C924CDC91DBDF11F00FA9426 /* Build configuration list for PBXNativeTarget "TalkSample" */;
			buildPhases = (
				8D30D1BF72C01FFC69879CC9 /* Check Pods Manifest.lock */,
				C924CDB31DBDF11F00FA9426 /* Sources */,
				C924CDB41DBDF11F00FA9426 /* Frameworks */,
				C924CDB51DBDF11F00FA9426 /* Resources */,
				8706B065F37F72C83E54652C /* Embed Pods Frameworks */,
				4A30CB7EE7DFC251ACC6059E /* Copy Pods Resources */,
			);
			buildRules = (
			);
			dependencies = (
			);
			name = TalkSample;
			productName = TalkSample;
			productReference = C924CDB71DBDF11F00FA9426 /* TalkSample.app */;
			productType = "com.apple.product-type.application";
		};
/* End PBXNativeTarget section */

/* Begin PBXProject section */
		C924CDAF1DBDF11F00FA9426 /* Project object */ = {
			isa = PBXProject;
			attributes = {
				LastSwiftUpdateCheck = 0730;
				LastUpgradeCheck = 0730;
				ORGANIZATIONNAME = KSF;
				TargetAttributes = {
					C924CDB61DBDF11F00FA9426 = {
						CreatedOnToolsVersion = 7.3.1;
						DevelopmentTeam = 795VV7NCKS;
					};
				};
			};
			buildConfigurationList = C924CDB21DBDF11F00FA9426 /* Build configuration list for PBXProject "TalkSample" */;
			compatibilityVersion = "Xcode 3.2";
			developmentRegion = English;
			hasScannedForEncodings = 0;
			knownRegions = (
				en,
				Base,
			);
			mainGroup = C924CDAE1DBDF11F00FA9426;
			productRefGroup = C924CDB81DBDF11F00FA9426 /* Products */;
			projectDirPath = "";
			projectReferences = (
				{
					ProductGroup = 04F54B1C1DBF2D0D003C6B2D /* Products */;
					ProjectRef = 04F54B1B1DBF2D0D003C6B2D /* Pods.xcodeproj */;
				},
			);
			projectRoot = "";
			targets = (
				C924CDB61DBDF11F00FA9426 /* TalkSample */,
			);
		};
/* End PBXProject section */

/* Begin PBXReferenceProxy section */
		04F54B221DBF2D0D003C6B2D /* JSQMessagesViewController.framework */ = {
			isa = PBXReferenceProxy;
			fileType = wrapper.framework;
			path = JSQMessagesViewController.framework;
			remoteRef = 04F54B211DBF2D0D003C6B2D /* PBXContainerItemProxy */;
			sourceTree = BUILT_PRODUCTS_DIR;
		};
		04F54B241DBF2D0D003C6B2D /* Pods_TalkSample.framework */ = {
			isa = PBXReferenceProxy;
			fileType = wrapper.framework;
			path = Pods_TalkSample.framework;
			remoteRef = 04F54B231DBF2D0D003C6B2D /* PBXContainerItemProxy */;
			sourceTree = BUILT_PRODUCTS_DIR;
		};
		04F54B261DBF2D0D003C6B2D /* SwiftyJSON.framework */ = {
			isa = PBXReferenceProxy;
			fileType = wrapper.framework;
			path = SwiftyJSON.framework;
			remoteRef = 04F54B251DBF2D0D003C6B2D /* PBXContainerItemProxy */;
			sourceTree = BUILT_PRODUCTS_DIR;
		};
		04F54B2F1DBF371A003C6B2D /* JSQSystemSoundPlayer.framework */ = {
			isa = PBXReferenceProxy;
			fileType = wrapper.framework;
			path = JSQSystemSoundPlayer.framework;
			remoteRef = 04F54B2E1DBF371A003C6B2D /* PBXContainerItemProxy */;
			sourceTree = BUILT_PRODUCTS_DIR;
		};
/* End PBXReferenceProxy section */

/* Begin PBXResourcesBuildPhase section */
		C924CDB51DBDF11F00FA9426 /* Resources */ = {
			isa = PBXResourcesBuildPhase;
			buildActionMask = 2147483647;
			files = (
				C9DA04BD1DBEE22B0018FD9A /* piyo.jpg in Resources */,
				C9DA04BF1DBEE22B0018FD9A /* squirrel.jpg in Resources */,
				C9DA04BC1DBEE22B0018FD9A /* cat.jpg in Resources */,
				C9DA04BB1DBEE22B0018FD9A /* dog.jpg in Resources */,
				C9DA04BE1DBEE22B0018FD9A /* seal.jpg in Resources */,
				C924CDD11DBE065D00FA9426 /* april-2560x1440-iphone.jpg in Resources */,
				04F54B311DBF483E003C6B2D /* Resources.bundle in Resources */,
				C924CDC51DBDF11F00FA9426 /* LaunchScreen.storyboard in Resources */,
				C924CDCF1DBE02C400FA9426 /* wallpaper_iPhone_001.jpg in Resources */,
				C924CDC21DBDF11F00FA9426 /* Assets.xcassets in Resources */,
				C924CDC01DBDF11F00FA9426 /* Main.storyboard in Resources */,
			);
			runOnlyForDeploymentPostprocessing = 0;
		};
/* End PBXResourcesBuildPhase section */

/* Begin PBXShellScriptBuildPhase section */
		4A30CB7EE7DFC251ACC6059E /* Copy Pods Resources */ = {
			isa = PBXShellScriptBuildPhase;
			buildActionMask = 2147483647;
			files = (
			);
			inputPaths = (
			);
			name = "Copy Pods Resources";
			outputPaths = (
			);
			runOnlyForDeploymentPostprocessing = 0;
			shellPath = /bin/sh;
			shellScript = "\"${SRCROOT}/Pods/Target Support Files/Pods-TalkSample/Pods-TalkSample-resources.sh\"\n";
			showEnvVarsInLog = 0;
		};
		8706B065F37F72C83E54652C /* Embed Pods Frameworks */ = {
			isa = PBXShellScriptBuildPhase;
			buildActionMask = 2147483647;
			files = (
			);
			inputPaths = (
			);
			name = "Embed Pods Frameworks";
			outputPaths = (
			);
			runOnlyForDeploymentPostprocessing = 0;
			shellPath = /bin/sh;
			shellScript = "\"${SRCROOT}/Pods/Target Support Files/Pods-TalkSample/Pods-TalkSample-frameworks.sh\"\n";
			showEnvVarsInLog = 0;
		};
		8D30D1BF72C01FFC69879CC9 /* Check Pods Manifest.lock */ = {
			isa = PBXShellScriptBuildPhase;
			buildActionMask = 2147483647;
			files = (
			);
			inputPaths = (
			);
			name = "Check Pods Manifest.lock";
			outputPaths = (
			);
			runOnlyForDeploymentPostprocessing = 0;
			shellPath = /bin/sh;
			shellScript = "diff \"${PODS_ROOT}/../Podfile.lock\" \"${PODS_ROOT}/Manifest.lock\" > /dev/null\nif [[ $? != 0 ]] ; then\n    cat << EOM\nerror: The sandbox is not in sync with the Podfile.lock. Run 'pod install' or update your CocoaPods installation.\nEOM\n    exit 1\nfi\n";
			showEnvVarsInLog = 0;
		};
/* End PBXShellScriptBuildPhase section */

/* Begin PBXSourcesBuildPhase section */
		C924CDB31DBDF11F00FA9426 /* Sources */ = {
			isa = PBXSourcesBuildPhase;
			buildActionMask = 2147483647;
			files = (
				C924CDBD1DBDF11F00FA9426 /* ViewController.swift in Sources */,
				04BD34AC1DBEEBA700704B4E /* MessageTalkViewController.swift in Sources */,
				C9DA04C11DBEE78D0018FD9A /* MessageTopViewController.swift in Sources */,
				C9DA04C51DBF13F40018FD9A /* CustomTableViewCell.swift in Sources */,
				C924CDBB1DBDF11F00FA9426 /* AppDelegate.swift in Sources */,
			);
			runOnlyForDeploymentPostprocessing = 0;
		};
/* End PBXSourcesBuildPhase section */

/* Begin PBXVariantGroup section */
		C924CDBE1DBDF11F00FA9426 /* Main.storyboard */ = {
			isa = PBXVariantGroup;
			children = (
				C924CDBF1DBDF11F00FA9426 /* Base */,
			);
			name = Main.storyboard;
			sourceTree = "<group>";
		};
		C924CDC31DBDF11F00FA9426 /* LaunchScreen.storyboard */ = {
			isa = PBXVariantGroup;
			children = (
				C924CDC41DBDF11F00FA9426 /* Base */,
			);
			name = LaunchScreen.storyboard;
			sourceTree = "<group>";
		};
/* End PBXVariantGroup section */

/* Begin XCBuildConfiguration section */
		C924CDC71DBDF11F00FA9426 /* Debug */ = {
			isa = XCBuildConfiguration;
			buildSettings = {
				ALWAYS_SEARCH_USER_PATHS = NO;
				CLANG_ANALYZER_NONNULL = YES;
				CLANG_CXX_LANGUAGE_STANDARD = "gnu++0x";
				CLANG_CXX_LIBRARY = "libc++";
				CLANG_ENABLE_MODULES = YES;
				CLANG_ENABLE_OBJC_ARC = YES;
				CLANG_WARN_BOOL_CONVERSION = YES;
				CLANG_WARN_CONSTANT_CONVERSION = YES;
				CLANG_WARN_DIRECT_OBJC_ISA_USAGE = YES_ERROR;
				CLANG_WARN_EMPTY_BODY = YES;
				CLANG_WARN_ENUM_CONVERSION = YES;
				CLANG_WARN_INT_CONVERSION = YES;
				CLANG_WARN_OBJC_ROOT_CLASS = YES_ERROR;
				CLANG_WARN_UNREACHABLE_CODE = YES;
				CLANG_WARN__DUPLICATE_METHOD_MATCH = YES;
				"CODE_SIGN_IDENTITY[sdk=iphoneos*]" = "iPhone Developer";
				COPY_PHASE_STRIP = NO;
				DEBUG_INFORMATION_FORMAT = dwarf;
				ENABLE_STRICT_OBJC_MSGSEND = YES;
				ENABLE_TESTABILITY = YES;
				GCC_C_LANGUAGE_STANDARD = gnu99;
				GCC_DYNAMIC_NO_PIC = NO;
				GCC_NO_COMMON_BLOCKS = YES;
				GCC_OPTIMIZATION_LEVEL = 0;
				GCC_PREPROCESSOR_DEFINITIONS = (
					"DEBUG=1",
					"$(inherited)",
				);
				GCC_WARN_64_TO_32_BIT_CONVERSION = YES;
				GCC_WARN_ABOUT_RETURN_TYPE = YES_ERROR;
				GCC_WARN_UNDECLARED_SELECTOR = YES;
				GCC_WARN_UNINITIALIZED_AUTOS = YES_AGGRESSIVE;
				GCC_WARN_UNUSED_FUNCTION = YES;
				GCC_WARN_UNUSED_VARIABLE = YES;
				IPHONEOS_DEPLOYMENT_TARGET = 9.3;
				MTL_ENABLE_DEBUG_INFO = YES;
				ONLY_ACTIVE_ARCH = YES;
				SDKROOT = iphoneos;
				SWIFT_OPTIMIZATION_LEVEL = "-Onone";
				TARGETED_DEVICE_FAMILY = "1,2";
			};
			name = Debug;
		};
		C924CDC81DBDF11F00FA9426 /* Release */ = {
			isa = XCBuildConfiguration;
			buildSettings = {
				ALWAYS_SEARCH_USER_PATHS = NO;
				CLANG_ANALYZER_NONNULL = YES;
				CLANG_CXX_LANGUAGE_STANDARD = "gnu++0x";
				CLANG_CXX_LIBRARY = "libc++";
				CLANG_ENABLE_MODULES = YES;
				CLANG_ENABLE_OBJC_ARC = YES;
				CLANG_WARN_BOOL_CONVERSION = YES;
				CLANG_WARN_CONSTANT_CONVERSION = YES;
				CLANG_WARN_DIRECT_OBJC_ISA_USAGE = YES_ERROR;
				CLANG_WARN_EMPTY_BODY = YES;
				CLANG_WARN_ENUM_CONVERSION = YES;
				CLANG_WARN_INT_CONVERSION = YES;
				CLANG_WARN_OBJC_ROOT_CLASS = YES_ERROR;
				CLANG_WARN_UNREACHABLE_CODE = YES;
				CLANG_WARN__DUPLICATE_METHOD_MATCH = YES;
				"CODE_SIGN_IDENTITY[sdk=iphoneos*]" = "iPhone Developer";
				COPY_PHASE_STRIP = NO;
				DEBUG_INFORMATION_FORMAT = "dwarf-with-dsym";
				ENABLE_NS_ASSERTIONS = NO;
				ENABLE_STRICT_OBJC_MSGSEND = YES;
				GCC_C_LANGUAGE_STANDARD = gnu99;
				GCC_NO_COMMON_BLOCKS = YES;
				GCC_WARN_64_TO_32_BIT_CONVERSION = YES;
				GCC_WARN_ABOUT_RETURN_TYPE = YES_ERROR;
				GCC_WARN_UNDECLARED_SELECTOR = YES;
				GCC_WARN_UNINITIALIZED_AUTOS = YES_AGGRESSIVE;
				GCC_WARN_UNUSED_FUNCTION = YES;
				GCC_WARN_UNUSED_VARIABLE = YES;
				IPHONEOS_DEPLOYMENT_TARGET = 9.3;
				MTL_ENABLE_DEBUG_INFO = NO;
				SDKROOT = iphoneos;
				TARGETED_DEVICE_FAMILY = "1,2";
				VALIDATE_PRODUCT = YES;
			};
			name = Release;
		};
		C924CDCA1DBDF11F00FA9426 /* Debug */ = {
			isa = XCBuildConfiguration;
			baseConfigurationReference = 5E135D2BA75DD9A3B029B21F /* Pods-TalkSample.debug.xcconfig */;
			buildSettings = {
				ASSETCATALOG_COMPILER_APPICON_NAME = AppIcon;
				CODE_SIGN_IDENTITY = "iPhone Developer";
				INFOPLIST_FILE = TalkSample/Info.plist;
				LD_RUNPATH_SEARCH_PATHS = "$(inherited) @executable_path/Frameworks";
				PRODUCT_BUNDLE_IDENTIFIER = com.sample.TalkSample;
				PRODUCT_NAME = "$(TARGET_NAME)";
			};
			name = Debug;
		};
		C924CDCB1DBDF11F00FA9426 /* Release */ = {
			isa = XCBuildConfiguration;
			baseConfigurationReference = 6EA34CDBE4C854C38F0BB09C /* Pods-TalkSample.release.xcconfig */;
			buildSettings = {
				ASSETCATALOG_COMPILER_APPICON_NAME = AppIcon;
				CODE_SIGN_IDENTITY = "iPhone Developer";
				INFOPLIST_FILE = TalkSample/Info.plist;
				LD_RUNPATH_SEARCH_PATHS = "$(inherited) @executable_path/Frameworks";
				PRODUCT_BUNDLE_IDENTIFIER = com.sample.TalkSample;
				PRODUCT_NAME = "$(TARGET_NAME)";
			};
			name = Release;
		};
/* End XCBuildConfiguration section */

/* Begin XCConfigurationList section */
		C924CDB21DBDF11F00FA9426 /* Build configuration list for PBXProject "TalkSample" */ = {
			isa = XCConfigurationList;
			buildConfigurations = (
				C924CDC71DBDF11F00FA9426 /* Debug */,
				C924CDC81DBDF11F00FA9426 /* Release */,
			);
			defaultConfigurationIsVisible = 0;
			defaultConfigurationName = Release;
		};
		C924CDC91DBDF11F00FA9426 /* Build configuration list for PBXNativeTarget "TalkSample" */ = {
			isa = XCConfigurationList;
			buildConfigurations = (
				C924CDCA1DBDF11F00FA9426 /* Debug */,
				C924CDCB1DBDF11F00FA9426 /* Release */,
			);
			defaultConfigurationIsVisible = 0;
			defaultConfigurationName = Release;
		};
/* End XCConfigurationList section */
	};
	rootObject = C924CDAF1DBDF11F00FA9426 /* Project object */;
}
